
Microsoft Visual Studio Solution File, Format Version 12.00
# Visual Studio 2013
VisualStudioVersion = 12.0.31101.0
MinimumVisualStudioVersion = 10.0.40219.1
Project("{2150E333-8FDC-42A3-9474-1A3956D46DE8}") = "DataLayer", "DataLayer", "{D6DD559C-51BA-49A4-8F76-6FCB8B67BDC9}"
EndProject
Project("{FAE04EC0-301F-11D3-BF4B-00C04F79EFBC}") = "WebShop.DL.DataLayerContract", "WebShop.DL.DataLayerContract\WebShop.DL.DataLayerContract.csproj", "{F5D725C4-5D1B-48BC-915B-8F2049E41FB4}"
EndProject
Project("{FAE04EC0-301F-11D3-BF4B-00C04F79EFBC}") = "WebShop.DL.EFDataLayer", "WebShop.DL.EFDataLayer\WebShop.DL.EFDataLayer.csproj", "{49FEC134-F43F-4DA3-9AE6-0B52F5A86970}"
EndProject
Project("{2150E333-8FDC-42A3-9474-1A3956D46DE8}") = "Tests", "Tests", "{62991C37-4AA9-49B6-8ECD-9ACA76790A99}"
EndProject
Project("{2150E333-8FDC-42A3-9474-1A3956D46DE8}") = "DataLayer", "DataLayer", "{78CAFC31-2571-4F52-A719-90B118607BB8}"
EndProject
Project("{FAE04EC0-301F-11D3-BF4B-00C04F79EFBC}") = "WebShop.DL.EFDataLayer.Tests", "WebShop.DL.EFDataLayer.Tests\WebShop.DL.EFDataLayer.Tests.csproj", "{93F3816E-363E-422C-B6C5-0C08FC7834C5}"
EndProject
Project("{2150E333-8FDC-42A3-9474-1A3956D46DE8}") = "BusinessLayer", "BusinessLayer", "{D8F38E10-09FF-4AA7-958F-C87E8DD90D35}"
EndProject
Project("{FAE04EC0-301F-11D3-BF4B-00C04F79EFBC}") = "WebShop.BL.BusinessLayerContracts", "WebShop.BL.BusinessLayerContracts\WebShop.BL.BusinessLayerContracts.csproj", "{0A680185-1E69-4643-9702-0BAAA872B8F2}"
EndProject
Project("{FAE04EC0-301F-11D3-BF4B-00C04F79EFBC}") = "WebShop.BL.BusinessLayerImpl", "WebShop.BL.BusinessLayerImpl\WebShop.BL.BusinessLayerImpl.csproj", "{75A7BFAC-2538-4B4D-9F5B-3F47FFD06BCE}"
EndProject
Project("{2150E333-8FDC-42A3-9474-1A3956D46DE8}") = "BusinessLayer", "BusinessLayer", "{52114AEE-81A0-4E8E-B992-BBFEBE8AD3F0}"
EndProject
Project("{FAE04EC0-301F-11D3-BF4B-00C04F79EFBC}") = "WebShop.BL.BusinessLayerImpl.Tests", "WebShop.BL.BusinessLayerImpl.Tests\WebShop.BL.BusinessLayerImpl.Tests.csproj", "{F20D3E05-E93A-4DF9-A15B-6CBF72509198}"
EndProject
Project("{2150E333-8FDC-42A3-9474-1A3956D46DE8}") = "IoC", "IoC", "{ED8B3A76-1FB7-49D8-B99A-F13D9D1E6E9B}"
EndProject
Project("{FAE04EC0-301F-11D3-BF4B-00C04F79EFBC}") = "WebShop.IoC.DI", "WebShop.IoC.DI\WebShop.IoC.DI.csproj", "{50818DF8-988C-4028-8A07-D56690ECF66A}"
EndProject
Project("{2150E333-8FDC-42A3-9474-1A3956D46DE8}") = "ServiceLayer", "ServiceLayer", "{E966DEF5-CDA3-4DD1-AC11-77D43B27D56D}"
EndProject
Project("{FAE04EC0-301F-11D3-BF4B-00C04F79EFBC}") = "WebShop.SL.ServiceLayerContracts", "WebShop.SL.ServiceLayerContracts\WebShop.SL.ServiceLayerContracts.csproj", "{E52E6337-DFB2-43BC-8548-DA18AE342775}"
EndProject
Project("{FAE04EC0-301F-11D3-BF4B-00C04F79EFBC}") = "WebShop.SL.ServiceLayerImpl", "WebShop.SL.ServiceLayerImpl\WebShop.SL.ServiceLayerImpl.csproj", "{BC2CBFB4-EA28-4763-92D4-B5D4EFFA4652}"
EndProject
Project("{2150E333-8FDC-42A3-9474-1A3956D46DE8}") = "ServiceHosts", "ServiceHosts", "{E1C5BD62-F391-4E42-9673-150A3082743C}"
EndProject
Project("{FAE04EC0-301F-11D3-BF4B-00C04F79EFBC}") = "WebShopWCFService", "WebShopWCFService\WebShopWCFService.csproj", "{F903FBE6-7378-416C-960E-F7506F56FCB0}"
EndProject
Project("{2150E333-8FDC-42A3-9474-1A3956D46DE8}") = "ServiceHosts", "ServiceHosts", "{224EF8B8-715F-4A0E-80FF-B31FB18FE605}"
EndProject
Project("{FAE04EC0-301F-11D3-BF4B-00C04F79EFBC}") = "WebShopWCFService.Tests", "WebShopWCFService.Tests\WebShopWCFService.Tests.csproj", "{E934DA47-EDFC-4DC2-877F-BC4A03C0BAA7}"
	ProjectSection(ProjectDependencies) = postProject
		{F903FBE6-7378-416C-960E-F7506F56FCB0} = {F903FBE6-7378-416C-960E-F7506F56FCB0}
	EndProjectSection
EndProject
Project("{FAE04EC0-301F-11D3-BF4B-00C04F79EFBC}") = "WebShop.SL.Client", "WebShop.SL.Client\WebShop.SL.Client.csproj", "{D2DBDBDF-BE74-48B1-A83B-750C1BC19EDE}"
EndProject
Project("{FAE04EC0-301F-11D3-BF4B-00C04F79EFBC}") = "WebShopWebAPI", "WebShopWebAPI\WebShopWebAPI.csproj", "{D9B8FA68-F5BF-4E0F-A8D7-502D11E5226F}"
EndProject
Global
	GlobalSection(SolutionConfigurationPlatforms) = preSolution
		Debug|Any CPU = Debug|Any CPU
		Release|Any CPU = Release|Any CPU
	EndGlobalSection
	GlobalSection(ProjectConfigurationPlatforms) = postSolution
		{F5D725C4-5D1B-48BC-915B-8F2049E41FB4}.Debug|Any CPU.ActiveCfg = Debug|Any CPU
		{F5D725C4-5D1B-48BC-915B-8F2049E41FB4}.Debug|Any CPU.Build.0 = Debug|Any CPU
		{F5D725C4-5D1B-48BC-915B-8F2049E41FB4}.Release|Any CPU.ActiveCfg = Release|Any CPU
		{F5D725C4-5D1B-48BC-915B-8F2049E41FB4}.Release|Any CPU.Build.0 = Release|Any CPU
		{49FEC134-F43F-4DA3-9AE6-0B52F5A86970}.Debug|Any CPU.ActiveCfg = Debug|Any CPU
		{49FEC134-F43F-4DA3-9AE6-0B52F5A86970}.Debug|Any CPU.Build.0 = Debug|Any CPU
		{49FEC134-F43F-4DA3-9AE6-0B52F5A86970}.Release|Any CPU.ActiveCfg = Release|Any CPU
		{49FEC134-F43F-4DA3-9AE6-0B52F5A86970}.Release|Any CPU.Build.0 = Release|Any CPU
		{93F3816E-363E-422C-B6C5-0C08FC7834C5}.Debug|Any CPU.ActiveCfg = Debug|Any CPU
		{93F3816E-363E-422C-B6C5-0C08FC7834C5}.Debug|Any CPU.Build.0 = Debug|Any CPU
		{93F3816E-363E-422C-B6C5-0C08FC7834C5}.Release|Any CPU.ActiveCfg = Release|Any CPU
		{93F3816E-363E-422C-B6C5-0C08FC7834C5}.Release|Any CPU.Build.0 = Release|Any CPU
		{0A680185-1E69-4643-9702-0BAAA872B8F2}.Debug|Any CPU.ActiveCfg = Debug|Any CPU
		{0A680185-1E69-4643-9702-0BAAA872B8F2}.Debug|Any CPU.Build.0 = Debug|Any CPU
		{0A680185-1E69-4643-9702-0BAAA872B8F2}.Release|Any CPU.ActiveCfg = Release|Any CPU
		{0A680185-1E69-4643-9702-0BAAA872B8F2}.Release|Any CPU.Build.0 = Release|Any CPU
		{75A7BFAC-2538-4B4D-9F5B-3F47FFD06BCE}.Debug|Any CPU.ActiveCfg = Debug|Any CPU
		{75A7BFAC-2538-4B4D-9F5B-3F47FFD06BCE}.Debug|Any CPU.Build.0 = Debug|Any CPU
		{75A7BFAC-2538-4B4D-9F5B-3F47FFD06BCE}.Release|Any CPU.ActiveCfg = Release|Any CPU
		{75A7BFAC-2538-4B4D-9F5B-3F47FFD06BCE}.Release|Any CPU.Build.0 = Release|Any CPU
		{F20D3E05-E93A-4DF9-A15B-6CBF72509198}.Debug|Any CPU.ActiveCfg = Debug|Any CPU
		{F20D3E05-E93A-4DF9-A15B-6CBF72509198}.Debug|Any CPU.Build.0 = Debug|Any CPU
		{F20D3E05-E93A-4DF9-A15B-6CBF72509198}.Release|Any CPU.ActiveCfg = Release|Any CPU
		{F20D3E05-E93A-4DF9-A15B-6CBF72509198}.Release|Any CPU.Build.0 = Release|Any CPU
		{50818DF8-988C-4028-8A07-D56690ECF66A}.Debug|Any CPU.ActiveCfg = Debug|Any CPU
		{50818DF8-988C-4028-8A07-D56690ECF66A}.Debug|Any CPU.Build.0 = Debug|Any CPU
		{50818DF8-988C-4028-8A07-D56690ECF66A}.Release|Any CPU.ActiveCfg = Release|Any CPU
		{50818DF8-988C-4028-8A07-D56690ECF66A}.Release|Any CPU.Build.0 = Release|Any CPU
		{E52E6337-DFB2-43BC-8548-DA18AE342775}.Debug|Any CPU.ActiveCfg = Debug|Any CPU
		{E52E6337-DFB2-43BC-8548-DA18AE342775}.Debug|Any CPU.Build.0 = Debug|Any CPU
		{E52E6337-DFB2-43BC-8548-DA18AE342775}.Release|Any CPU.ActiveCfg = Release|Any CPU
		{E52E6337-DFB2-43BC-8548-DA18AE342775}.Release|Any CPU.Build.0 = Release|Any CPU
		{BC2CBFB4-EA28-4763-92D4-B5D4EFFA4652}.Debug|Any CPU.ActiveCfg = Debug|Any CPU
		{BC2CBFB4-EA28-4763-92D4-B5D4EFFA4652}.Debug|Any CPU.Build.0 = Debug|Any CPU
		{BC2CBFB4-EA28-4763-92D4-B5D4EFFA4652}.Release|Any CPU.ActiveCfg = Release|Any CPU
		{BC2CBFB4-EA28-4763-92D4-B5D4EFFA4652}.Release|Any CPU.Build.0 = Release|Any CPU
		{F903FBE6-7378-416C-960E-F7506F56FCB0}.Debug|Any CPU.ActiveCfg = Debug|Any CPU
		{F903FBE6-7378-416C-960E-F7506F56FCB0}.Debug|Any CPU.Build.0 = Debug|Any CPU
		{F903FBE6-7378-416C-960E-F7506F56FCB0}.Release|Any CPU.ActiveCfg = Release|Any CPU
		{F903FBE6-7378-416C-960E-F7506F56FCB0}.Release|Any CPU.Build.0 = Release|Any CPU
		{E934DA47-EDFC-4DC2-877F-BC4A03C0BAA7}.Debug|Any CPU.ActiveCfg = Debug|Any CPU
		{E934DA47-EDFC-4DC2-877F-BC4A03C0BAA7}.Debug|Any CPU.Build.0 = Debug|Any CPU
		{E934DA47-EDFC-4DC2-877F-BC4A03C0BAA7}.Release|Any CPU.ActiveCfg = Release|Any CPU
		{E934DA47-EDFC-4DC2-877F-BC4A03C0BAA7}.Release|Any CPU.Build.0 = Release|Any CPU
		{D2DBDBDF-BE74-48B1-A83B-750C1BC19EDE}.Debug|Any CPU.ActiveCfg = Debug|Any CPU
		{D2DBDBDF-BE74-48B1-A83B-750C1BC19EDE}.Debug|Any CPU.Build.0 = Debug|Any CPU
		{D2DBDBDF-BE74-48B1-A83B-750C1BC19EDE}.Release|Any CPU.ActiveCfg = Release|Any CPU
		{D2DBDBDF-BE74-48B1-A83B-750C1BC19EDE}.Release|Any CPU.Build.0 = Release|Any CPU
		{D9B8FA68-F5BF-4E0F-A8D7-502D11E5226F}.Debug|Any CPU.ActiveCfg = Debug|Any CPU
		{D9B8FA68-F5BF-4E0F-A8D7-502D11E5226F}.Debug|Any CPU.Build.0 = Debug|Any CPU
		{D9B8FA68-F5BF-4E0F-A8D7-502D11E5226F}.Release|Any CPU.ActiveCfg = Release|Any CPU
		{D9B8FA68-F5BF-4E0F-A8D7-502D11E5226F}.Release|Any CPU.Build.0 = Release|Any CPU
	EndGlobalSection
	GlobalSection(SolutionProperties) = preSolution
		HideSolutionNode = FALSE
	EndGlobalSection
	GlobalSection(NestedProjects) = preSolution
		{F5D725C4-5D1B-48BC-915B-8F2049E41FB4} = {D6DD559C-51BA-49A4-8F76-6FCB8B67BDC9}
		{49FEC134-F43F-4DA3-9AE6-0B52F5A86970} = {D6DD559C-51BA-49A4-8F76-6FCB8B67BDC9}
		{78CAFC31-2571-4F52-A719-90B118607BB8} = {62991C37-4AA9-49B6-8ECD-9ACA76790A99}
		{93F3816E-363E-422C-B6C5-0C08FC7834C5} = {78CAFC31-2571-4F52-A719-90B118607BB8}
		{0A680185-1E69-4643-9702-0BAAA872B8F2} = {D8F38E10-09FF-4AA7-958F-C87E8DD90D35}
		{75A7BFAC-2538-4B4D-9F5B-3F47FFD06BCE} = {D8F38E10-09FF-4AA7-958F-C87E8DD90D35}
		{52114AEE-81A0-4E8E-B992-BBFEBE8AD3F0} = {62991C37-4AA9-49B6-8ECD-9ACA76790A99}
		{F20D3E05-E93A-4DF9-A15B-6CBF72509198} = {52114AEE-81A0-4E8E-B992-BBFEBE8AD3F0}
		{50818DF8-988C-4028-8A07-D56690ECF66A} = {ED8B3A76-1FB7-49D8-B99A-F13D9D1E6E9B}
		{E52E6337-DFB2-43BC-8548-DA18AE342775} = {E966DEF5-CDA3-4DD1-AC11-77D43B27D56D}
		{BC2CBFB4-EA28-4763-92D4-B5D4EFFA4652} = {E966DEF5-CDA3-4DD1-AC11-77D43B27D56D}
		{F903FBE6-7378-416C-960E-F7506F56FCB0} = {E1C5BD62-F391-4E42-9673-150A3082743C}
		{224EF8B8-715F-4A0E-80FF-B31FB18FE605} = {62991C37-4AA9-49B6-8ECD-9ACA76790A99}
		{E934DA47-EDFC-4DC2-877F-BC4A03C0BAA7} = {224EF8B8-715F-4A0E-80FF-B31FB18FE605}
		{D2DBDBDF-BE74-48B1-A83B-750C1BC19EDE} = {E966DEF5-CDA3-4DD1-AC11-77D43B27D56D}
		{D9B8FA68-F5BF-4E0F-A8D7-502D11E5226F} = {E1C5BD62-F391-4E42-9673-150A3082743C}
	EndGlobalSection
EndGlobal
